<?xml version="1.0" encoding="UTF-8" standalone="yes" ?>
<CodeBlocks_project_file>
	<FileVersion major="1" minor="6" />
	<Project>
		<Option title="BinarySearchTrees" />
		<Option pch_mode="2" />
		<Option compiler="gcc" />
		<Build>
			<Target title="Debug">
				<Option output="bin/Debug/BinarySearchTrees" prefix_auto="1" extension_auto="1" />
				<Option object_output="obj/Debug/" />
				<Option type="1" />
				<Option compiler="gcc" />
				<Compiler>
					<Add option="-g" />
				</Compiler>
			</Target>
			<Target title="Release">
				<Option output="bin/Release/BinarySearchTrees" prefix_auto="1" extension_auto="1" />
				<Option object_output="obj/Release/" />
				<Option type="1" />
				<Option compiler="gcc" />
				<Compiler>
					<Add option="-O2" />
				</Compiler>
				<Linker>
					<Add option="-s" />
				</Linker>
			</Target>
		</Build>
		<Compiler>
			<Add option="-Wall" />
		</Compiler>
		<Unit filename="bstCeil.c">
			<Option compilerVar="CC" />
		</Unit>
		<Unit filename="bstFloor.c">
			<Option compilerVar="CC" />
		</Unit>
		<Unit filename="bsts2List.c">
			<Option compilerVar="CC" />
		</Unit>
		<Unit filename="delete.c">
			<Option compilerVar="CC" />
		</Unit>
		<Unit filename="dll2bst.c">
			<Option compilerVar="CC" />
		</Unit>
		<Unit filename="fillArray.c">
			<Option compilerVar="CC" />
		</Unit>
		<Unit filename="fillTree.c">
			<Option compilerVar="CC" />
		</Unit>
		<Unit filename="findPAndS.c">
			<Option compilerVar="CC" />
		</Unit>
		<Unit filename="fixSwapped.c">
			<Option compilerVar="CC" />
		</Unit>
		<Unit filename="getNextInOrder.c">
			<Option compilerVar="CC" />
		</Unit>
		<Unit filename="getNextInReverse.c">
			<Option compilerVar="CC" />
		</Unit>
		<Unit filename="getSize.c">
			<Option compilerVar="CC" />
		</Unit>
		<Unit filename="insert.c">
			<Option compilerVar="CC" />
		</Unit>
		<Unit filename="isBST.c">
			<Option compilerVar="CC" />
		</Unit>
		<Unit filename="kthSmallest.c">
			<Option compilerVar="CC" />
		</Unit>
		<Unit filename="linkedListStack.c">
			<Option compilerVar="CC" />
		</Unit>
		<Unit filename="listQueue.c">
			<Option compilerVar="CC" />
		</Unit>
		<Unit filename="lowestCommonAncestor.c">
			<Option compilerVar="CC" />
		</Unit>
		<Unit filename="main.c">
			<Option compilerVar="CC" />
		</Unit>
		<Unit filename="main.h" />
		<Unit filename="mergeBSTs.c">
			<Option compilerVar="CC" />
		</Unit>
		<Unit filename="mergePrint.c">
			<Option compilerVar="CC" />
		</Unit>
		<Unit filename="mergeSort.c">
			<Option compilerVar="CC" />
		</Unit>
		<Unit filename="newNode.c">
			<Option compilerVar="CC" />
		</Unit>
		<Unit filename="pairSum.c">
			<Option compilerVar="CC" />
		</Unit>
		<Unit filename="printInOrderWStack.c">
			<Option compilerVar="CC" />
		</Unit>
		<Unit filename="printTree.c">
			<Option compilerVar="CC" />
		</Unit>
		<Unit filename="removeDuplicates.c">
			<Option compilerVar="CC" />
		</Unit>
		<Unit filename="search.c">
			<Option compilerVar="CC" />
		</Unit>
		<Unit filename="tree2bst.c">
			<Option compilerVar="CC" />
		</Unit>
		<Extensions>
			<code_completion />
			<envvars />
			<debugger />
			<lib_finder disable_auto="1" />
		</Extensions>
	</Project>
</CodeBlocks_project_file>
